<?xml version="1.0" encoding="utf-8"?>
<Project ToolsVersion="4.0" xmlns="http://schemas.microsoft.com/developer/msbuild/2003">
  <ItemGroup>
    <ClCompile Include="dlevel.cpp" />
    <ClCompile Include="Framework\console.cpp" />
    <ClCompile Include="monster.cpp" />
    <ClCompile Include="plevel.cpp" />
    <ClCompile Include="item.cpp" />
    <ClCompile Include="Framework\timer.cpp" />
    <ClCompile Include="game.cpp" />
    <ClCompile Include="main.cpp" />
    <ClCompile Include="spell.cpp" />
    <ClCompile Include="leaderboard.cpp" />
    <ClCompile Include="vect2.cpp" />
    <ClCompile Include="monsound.cpp" />
  </ItemGroup>
  <ItemGroup>
    <ClInclude Include="entity.h" />
    <ClInclude Include="spell.h" />
    <ClInclude Include="dlevel.h" />
    <ClInclude Include="plevel.h" />
    <ClInclude Include="item.h" />
    <ClInclude Include="Framework\console.h" />
    <ClInclude Include="Framework\timer.h" />
    <ClInclude Include="game.h" />
    <ClInclude Include="monster.h" />
    <ClInclude Include="effect.h" />
    <ClInclude Include="leaderboard.h" />
    <ClInclude Include="buff.h" />
    <ClInclude Include="vect2.h" />
  </ItemGroup>
  <ItemGroup>
    <Text Include="Level.txt" />
    <Text Include="inventory.txt" />
    <Text Include="title.txt" />
    <Text Include="Gameover.txt" />
    <Text Include="Win.txt" />
    <Text Include="instructions.txt" />
    <Text Include="Level3.txt" />
    <Text Include="Level2.txt" />
    <Text Include="testLevel.txt" />
    <Text Include="Level4.txt" />
  </ItemGroup>
  <ItemGroup>
    <None Include="leaderboard.dat" />
  </ItemGroup>
</Project>