<?xml version="1.0" encoding="utf-8"?>
<Project ToolsVersion="4.0" xmlns="http://schemas.microsoft.com/developer/msbuild/2003">
  <ItemGroup>
    <ClCompile Include="dlevel.cpp" />
    <ClCompile Include="Framework\console.cpp" />
    <ClCompile Include="monster.cpp" />
    <ClCompile Include="plevel.cpp" />
    <ClCompile Include="item.cpp" />
    <ClCompile Include="Framework\timer.cpp" />
    <ClCompile Include="game.cpp" />
    <ClCompile Include="main.cpp" />
    <ClCompile Include="spell.cpp" />
  </ItemGroup>
  <ItemGroup>
    <ClInclude Include="entity.h" />
    <ClInclude Include="spell.h" />
    <ClInclude Include="stats.cpp" />
    <ClInclude Include="utils.cpp" />
    <ClInclude Include="dlevel.h" />
    <ClInclude Include="plevel.h" />
    <ClInclude Include="item.h" />
    <ClInclude Include="Framework\console.h" />
    <ClInclude Include="Framework\timer.h" />
    <ClInclude Include="game.h" />
    <ClInclude Include="monster.h" />
    <ClInclude Include="stats.h" />
    <ClInclude Include="utils.h" />
    <ClInclude Include="effect.h" />
  </ItemGroup>
  <ItemGroup>
    <Text Include="Level.txt" />
    <Text Include="inventory.txt" />
<<<<<<< HEAD
    <Text Include="Level2.txt" />
=======
	<Text Include="title.txt" />
>>>>>>> Caleb
  </ItemGroup>
</Project>